{
  "version": 4,
  "terraform_version": "1.14.9",
  "serial": 3,
  "lineage": "03d178eb-21e5-f5a7-37c7-79a0024b6351",
  "outputs": {},
  "resources": [
    {
      "mode": "data",
      "type": "aws_caller_identity",
      "name": "current",
      "provider": "provider[\"registry.terraform.io/hashicorp/aws\"]",
      "instances": [
        {
          "schema_version": 0,
          "attributes": {
            "account_id": "123456789012",
            "arn": "arn:aws:sts::123456789012:user/moto",
            "id": "123456789012",
            "user_id": "AKIAIOSFODNN7EXAMPLE"
          },
          "sensitive_attributes": [],
          "identity_schema_version": 0
        }
      ]
    },
    {
      "mode": "managed",
      "type": "aws_organizations_organization",
      "name": "org",
      "provider": "provider[\"registry.terraform.io/hashicorp/aws\"]",
      "instances": [
        {
          "schema_version": 0,
          "attributes": {
            "accounts": [
              {
                "arn": "arn:aws:organizations::123456789012:account/o-m4vb5l25cz/123456789012",
                "email": "master@example.com",
                "id": "123456789012",
                "name": "master",
                "status": "ACTIVE"
              }
            ],
            "arn": "arn:aws:organizations::123456789012:organization/o-m4vb5l25cz",
            "aws_service_access_principals": null,
            "enabled_policy_types": null,
            "feature_set": "ALL",
            "id": "o-m4vb5l25cz",
            "master_account_arn": "arn:aws:organizations::123456789012:account/o-m4vb5l25cz/123456789012",
            "master_account_email": "master@example.com",
            "master_account_id": "123456789012",
            "master_account_name": "master",
            "non_master_accounts": [],
            "roots": [
              {
                "arn": "arn:aws:organizations::123456789012:root/o-m4vb5l25cz/r-82eh",
                "id": "r-82eh",
                "name": "Root",
                "policy_types": []
              }
            ]
          },
          "sensitive_attributes": [],
          "identity_schema_version": 0,
          "private": "bnVsbA=="
        }
      ]
    }
  ],
  "check_results": null
}
